# Windows x64 / CPython 3.11 receiver build environment.
# Regenerate deliberately from build-requirements.in and verify every wheel hash.
altgraph==0.17.5 --hash=sha256:f3a22400bce1b0c701683820ac4f3b159cd301acab067c51c653e06961600597
cffi==2.1.1 --hash=sha256:42f6930c31dc7f50732c9ae793c2786c7b6b044195967bbdde40bb9be81c4cc0
colorama==0.4.6 --hash=sha256:4f1d9991f5acc0ca119f9d443620b77f9d6b33703e51011c16baf57afb285fc6
cryptography==50.0.0 --hash=sha256:bd1c592e4d5974f0d08d4888e432157adba757c66da0246918e43677fafa2d30
iniconfig==2.3.0 --hash=sha256:f631c04d2c48c52b84d0d0549c99ff3859c98df65b3101406327ecc7d53fbf12
packaging==26.3 --hash=sha256:d7193f7c8e4e93f444fde0262bf90af30e16fa0ad0ad44cb553c87339b23cd1c
pefile==2023.2.7 --hash=sha256:da185cd2af68c08a6cd4481f7325ed600a88f6a813bad9dea07ab3ef73d8d8d6
Pillow==12.3.0 --hash=sha256:8e95e1385e4998ae9694eeaa4730ba5457ff61185b3a55e2e7bea0880aef452a
pluggy==1.6.0 --hash=sha256:e920276dd6813095e9377c0bc5566d94c932c33b27a3e3945d8389c374dd4746
pycparser==3.0 --hash=sha256:b727414169a36b7d524c1c3e31839a521725078d7b2ff038656844266160a992
Pygments==2.20.0 --hash=sha256:81a9e26dd42fd28a23a2d169d86d7ac03b46e2f8b59ed4698fb4785f946d0176
pyinstaller==6.15.0 --hash=sha256:cbea297e16eeda30b41c300d6ec2fd2abea4dbd8d8a32650eeec36431c94fcd9
pyinstaller-hooks-contrib==2026.6 --hash=sha256:fd13b8ac126b35361175edacd41a0d97080b75dd5f4b594ecefefff969509dd3
pystray==0.19.5 --hash=sha256:a0c2229d02cf87207297c22d86ffc57c86c227517b038c0d3c59df79295ac617
pytest==8.4.1 --hash=sha256:539c70ba6fcead8e78eebbf1115e8b589e7565830d7d006a8723f19ac8a0afb7
pywin32-ctypes==0.2.3 --hash=sha256:8a1513379d709975552d202d942d9837758905c8d01eb82b8bcc30918929e7b8
qrcode==8.2 --hash=sha256:16e64e0716c14960108e85d853062c9e8bba5ca8252c0b4d0231b9df4060ff4f
setuptools==84.0.0 --hash=sha256:51a52592b3b99e102b609654876bd65f19f999935166d1352678931132b0c670
six==1.17.0 --hash=sha256:4721f391ed90541fddacab5acf947aa0d3dc7d27b2e1e8eda2be8970586c3274
